
Microsoft Visual Studio Solution File, Format Version 12.00
# Visual Studio 15
VisualStudioVersion = 15.0.28307.1062
MinimumVisualStudioVersion = 10.0.40219.1
Project("{FAE04EC0-301F-11D3-BF4B-00C04F79EFBC}") = "BinaryHeaps2017", "BinaryHeaps2017\BinaryHeaps2017.csproj", "{996B8014-BF05-4088-8EBA-D908D97EA3A7}"
EndProject
Global
	GlobalSection(SolutionConfigurationPlatforms) = preSolution
		Debug|Any CPU = Debug|Any CPU
		Release|Any CPU = Release|Any CPU
	EndGlobalSection
	GlobalSection(ProjectConfigurationPlatforms) = postSolution
		{996B8014-BF05-4088-8EBA-D908D97EA3A7}.Debug|Any CPU.ActiveCfg = Debug|Any CPU
		{996B8014-BF05-4088-8EBA-D908D97EA3A7}.Debug|Any CPU.Build.0 = Debug|Any CPU
		{996B8014-BF05-4088-8EBA-D908D97EA3A7}.Release|Any CPU.ActiveCfg = Release|Any CPU
		{996B8014-BF05-4088-8EBA-D908D97EA3A7}.Release|Any CPU.Build.0 = Release|Any CPU
	EndGlobalSection
	GlobalSection(SolutionProperties) = preSolution
		HideSolutionNode = FALSE
	EndGlobalSection
	GlobalSection(ExtensibilityGlobals) = postSolution
		SolutionGuid = {D075F7B8-B9BB-43BB-A222-1575FD06D827}
	EndGlobalSection
EndGlobal
